
Microsoft Visual Studio Solution File, Format Version 12.00
# Visual Studio Version 17
VisualStudioVersion = 17.9.34701.34
MinimumVisualStudioVersion = 10.0.40219.1
Project("{9A19103F-16F7-4668-BE54-9A1E7A4F7556}") = "1.Recursion", "1.Recursion\1.Recursion.csproj", "{CE67360A-139D-420B-A9E8-469C4547F6FB}"
EndProject
Project("{9A19103F-16F7-4668-BE54-9A1E7A4F7556}") = "2.BubbleSort", "2.BubbleSort\2.BubbleSort.csproj", "{898A3650-869A-46CB-AE8E-C1676ACEE525}"
EndProject
Project("{FAE04EC0-301F-11D3-BF4B-00C04F79EFBC}") = "3.SelectionSort", "3.SelectionSort\3.SelectionSort.csproj", "{39C8F6D9-A3ED-4F13-9A84-44399E7A41C4}"
EndProject
Project("{FAE04EC0-301F-11D3-BF4B-00C04F79EFBC}") = "4.InsertionSort", "4.InsertionSort\4.InsertionSort.csproj", "{DA04C5D9-B0C8-4D57-BFAB-EB583F1CEE2B}"
EndProject
Global
	GlobalSection(SolutionConfigurationPlatforms) = preSolution
		Debug|Any CPU = Debug|Any CPU
		Release|Any CPU = Release|Any CPU
	EndGlobalSection
	GlobalSection(ProjectConfigurationPlatforms) = postSolution
		{CE67360A-139D-420B-A9E8-469C4547F6FB}.Debug|Any CPU.ActiveCfg = Debug|Any CPU
		{CE67360A-139D-420B-A9E8-469C4547F6FB}.Debug|Any CPU.Build.0 = Debug|Any CPU
		{CE67360A-139D-420B-A9E8-469C4547F6FB}.Release|Any CPU.ActiveCfg = Release|Any CPU
		{CE67360A-139D-420B-A9E8-469C4547F6FB}.Release|Any CPU.Build.0 = Release|Any CPU
		{898A3650-869A-46CB-AE8E-C1676ACEE525}.Debug|Any CPU.ActiveCfg = Debug|Any CPU
		{898A3650-869A-46CB-AE8E-C1676ACEE525}.Debug|Any CPU.Build.0 = Debug|Any CPU
		{898A3650-869A-46CB-AE8E-C1676ACEE525}.Release|Any CPU.ActiveCfg = Release|Any CPU
		{898A3650-869A-46CB-AE8E-C1676ACEE525}.Release|Any CPU.Build.0 = Release|Any CPU
		{39C8F6D9-A3ED-4F13-9A84-44399E7A41C4}.Debug|Any CPU.ActiveCfg = Debug|Any CPU
		{39C8F6D9-A3ED-4F13-9A84-44399E7A41C4}.Debug|Any CPU.Build.0 = Debug|Any CPU
		{39C8F6D9-A3ED-4F13-9A84-44399E7A41C4}.Release|Any CPU.ActiveCfg = Release|Any CPU
		{39C8F6D9-A3ED-4F13-9A84-44399E7A41C4}.Release|Any CPU.Build.0 = Release|Any CPU
		{DA04C5D9-B0C8-4D57-BFAB-EB583F1CEE2B}.Debug|Any CPU.ActiveCfg = Debug|Any CPU
		{DA04C5D9-B0C8-4D57-BFAB-EB583F1CEE2B}.Debug|Any CPU.Build.0 = Debug|Any CPU
		{DA04C5D9-B0C8-4D57-BFAB-EB583F1CEE2B}.Release|Any CPU.ActiveCfg = Release|Any CPU
		{DA04C5D9-B0C8-4D57-BFAB-EB583F1CEE2B}.Release|Any CPU.Build.0 = Release|Any CPU
	EndGlobalSection
	GlobalSection(SolutionProperties) = preSolution
		HideSolutionNode = FALSE
	EndGlobalSection
	GlobalSection(ExtensibilityGlobals) = postSolution
		SolutionGuid = {046A757C-A635-4955-98C2-E27E7B18E275}
	EndGlobalSection
EndGlobal
